// !$*UTF8*$!
{
	archiveVersion = 1;
	classes = {
	};
	objectVersion = 51;
	objects = {

/* Begin PBXBuildFile section */
		2E3E82C2C29CCA759321A288 /* Pods_ChatApp.framework in Frameworks */ = {isa = PBXBuildFile; fileRef = 8FACAABDB7BB9861DD087760 /* Pods_ChatApp.framework */; };
		AB5345577A207792312E077F /* Pods_ChatApp_ChatAppUITests.framework in Frameworks */ = {isa = PBXBuildFile; fileRef = AF51D4C8345E849A31763238 /* Pods_ChatApp_ChatAppUITests.framework */; };
		E660C0EF2A999498B694E6F0 /* Pods_ChatAppTests.framework in Frameworks */ = {isa = PBXBuildFile; fileRef = 7973375D70EB911D8CA10A6C /* Pods_ChatAppTests.framework */; };
		F80320FB26250CB900286194 /* RegistrationViewModel.swift in Sources */ = {isa = PBXBuildFile; fileRef = F80320FA26250CB900286194 /* RegistrationViewModel.swift */; };
		F803210826251A7F00286194 /* GoogleService-Info.plist in Resources */ = {isa = PBXBuildFile; fileRef = F803210726251A7F00286194 /* GoogleService-Info.plist */; };
		F89BEF1E2623D8A80038B92A /* ConversationsController.swift in Sources */ = {isa = PBXBuildFile; fileRef = F89BEF1D2623D8A80038B92A /* ConversationsController.swift */; };
		F89BEF4B2623E8040038B92A /* Extentions.swift in Sources */ = {isa = PBXBuildFile; fileRef = F89BEF4A2623E8040038B92A /* Extentions.swift */; };
		F89BEF5B2623EAD10038B92A /* LoginViewModel.swift in Sources */ = {isa = PBXBuildFile; fileRef = F89BEF5A2623EAD10038B92A /* LoginViewModel.swift */; };
		F89BEF742623F58D0038B92A /* RegistrationController.swift in Sources */ = {isa = PBXBuildFile; fileRef = F89BEF732623F58D0038B92A /* RegistrationController.swift */; };
		F8BC142626235F1A006DF264 /* LoginViewController.swift in Sources */ = {isa = PBXBuildFile; fileRef = F8BC142526235F1A006DF264 /* LoginViewController.swift */; };
		F8C6FE812627401C001BF279 /* AuthService.swift in Sources */ = {isa = PBXBuildFile; fileRef = F8C6FE802627401C001BF279 /* AuthService.swift */; };
		F8FA715C2607A1150051F286 /* AppDelegate.swift in Sources */ = {isa = PBXBuildFile; fileRef = F8FA715B2607A1150051F286 /* AppDelegate.swift */; };
		F8FA715E2607A1150051F286 /* SceneDelegate.swift in Sources */ = {isa = PBXBuildFile; fileRef = F8FA715D2607A1150051F286 /* SceneDelegate.swift */; };
		F8FA71602607A1150051F286 /* ViewController.swift in Sources */ = {isa = PBXBuildFile; fileRef = F8FA715F2607A1150051F286 /* ViewController.swift */; };
		F8FA71632607A1150051F286 /* Main.storyboard in Resources */ = {isa = PBXBuildFile; fileRef = F8FA71612607A1150051F286 /* Main.storyboard */; };
		F8FA71662607A1150051F286 /* ChatApp.xcdatamodeld in Sources */ = {isa = PBXBuildFile; fileRef = F8FA71642607A1150051F286 /* ChatApp.xcdatamodeld */; };
		F8FA71682607A1160051F286 /* Assets.xcassets in Resources */ = {isa = PBXBuildFile; fileRef = F8FA71672607A1160051F286 /* Assets.xcassets */; };
		F8FA716B2607A1160051F286 /* LaunchScreen.storyboard in Resources */ = {isa = PBXBuildFile; fileRef = F8FA71692607A1160051F286 /* LaunchScreen.storyboard */; };
		F8FA71762607A1160051F286 /* ChatAppTests.swift in Sources */ = {isa = PBXBuildFile; fileRef = F8FA71752607A1160051F286 /* ChatAppTests.swift */; };
		F8FA71812607A1160051F286 /* ChatAppUITests.swift in Sources */ = {isa = PBXBuildFile; fileRef = F8FA71802607A1160051F286 /* ChatAppUITests.swift */; };
/* End PBXBuildFile section */

/* Begin PBXContainerItemProxy section */
		F8FA71722607A1160051F286 /* PBXContainerItemProxy */ = {
			isa = PBXContainerItemProxy;
			containerPortal = F8FA71502607A1150051F286 /* Project object */;
			proxyType = 1;
			remoteGlobalIDString = F8FA71572607A1150051F286;
			remoteInfo = ChatApp;
		};
		F8FA717D2607A1160051F286 /* PBXContainerItemProxy */ = {
			isa = PBXContainerItemProxy;
			containerPortal = F8FA71502607A1150051F286 /* Project object */;
			proxyType = 1;
			remoteGlobalIDString = F8FA71572607A1150051F286;
			remoteInfo = ChatApp;
		};
/* End PBXContainerItemProxy section */

/* Begin PBXFileReference section */
		10CD3B74B2D361F8E08698A3 /* Pods-ChatApp.debug.xcconfig */ = {isa = PBXFileReference; includeInIndex = 1; lastKnownFileType = text.xcconfig; name = "Pods-ChatApp.debug.xcconfig"; path = "Target Support Files/Pods-ChatApp/Pods-ChatApp.debug.xcconfig"; sourceTree = "<group>"; };
		5C25C21B81D0EC3CC47F54B7 /* Pods-ChatAppTests.release.xcconfig */ = {isa = PBXFileReference; includeInIndex = 1; lastKnownFileType = text.xcconfig; name = "Pods-ChatAppTests.release.xcconfig"; path = "Target Support Files/Pods-ChatAppTests/Pods-ChatAppTests.release.xcconfig"; sourceTree = "<group>"; };
		69784579DB5970294314DA3B /* Pods-ChatAppTests.debug.xcconfig */ = {isa = PBXFileReference; includeInIndex = 1; lastKnownFileType = text.xcconfig; name = "Pods-ChatAppTests.debug.xcconfig"; path = "Target Support Files/Pods-ChatAppTests/Pods-ChatAppTests.debug.xcconfig"; sourceTree = "<group>"; };
		74ABA192FC2AC971E4B3FA0F /* Pods-ChatApp-ChatAppUITests.release.xcconfig */ = {isa = PBXFileReference; includeInIndex = 1; lastKnownFileType = text.xcconfig; name = "Pods-ChatApp-ChatAppUITests.release.xcconfig"; path = "Target Support Files/Pods-ChatApp-ChatAppUITests/Pods-ChatApp-ChatAppUITests.release.xcconfig"; sourceTree = "<group>"; };
		7973375D70EB911D8CA10A6C /* Pods_ChatAppTests.framework */ = {isa = PBXFileReference; explicitFileType = wrapper.framework; includeInIndex = 0; path = Pods_ChatAppTests.framework; sourceTree = BUILT_PRODUCTS_DIR; };
		8CE4242B29418ECB695F353E /* Pods-ChatApp-ChatAppUITests.debug.xcconfig */ = {isa = PBXFileReference; includeInIndex = 1; lastKnownFileType = text.xcconfig; name = "Pods-ChatApp-ChatAppUITests.debug.xcconfig"; path = "Target Support Files/Pods-ChatApp-ChatAppUITests/Pods-ChatApp-ChatAppUITests.debug.xcconfig"; sourceTree = "<group>"; };
		8FACAABDB7BB9861DD087760 /* Pods_ChatApp.framework */ = {isa = PBXFileReference; explicitFileType = wrapper.framework; includeInIndex = 0; path = Pods_ChatApp.framework; sourceTree = BUILT_PRODUCTS_DIR; };
		AF51D4C8345E849A31763238 /* Pods_ChatApp_ChatAppUITests.framework */ = {isa = PBXFileReference; explicitFileType = wrapper.framework; includeInIndex = 0; path = Pods_ChatApp_ChatAppUITests.framework; sourceTree = BUILT_PRODUCTS_DIR; };
		D62F946DA0208B739950C7CB /* Pods-ChatApp.release.xcconfig */ = {isa = PBXFileReference; includeInIndex = 1; lastKnownFileType = text.xcconfig; name = "Pods-ChatApp.release.xcconfig"; path = "Target Support Files/Pods-ChatApp/Pods-ChatApp.release.xcconfig"; sourceTree = "<group>"; };
		F80320FA26250CB900286194 /* RegistrationViewModel.swift */ = {isa = PBXFileReference; lastKnownFileType = sourcecode.swift; path = RegistrationViewModel.swift; sourceTree = "<group>"; };
		F803210726251A7F00286194 /* GoogleService-Info.plist */ = {isa = PBXFileReference; lastKnownFileType = text.plist; path = "GoogleService-Info.plist"; sourceTree = SOURCE_ROOT; };
		F89BEF1D2623D8A80038B92A /* ConversationsController.swift */ = {isa = PBXFileReference; lastKnownFileType = sourcecode.swift; path = ConversationsController.swift; sourceTree = "<group>"; };
		F89BEF4A2623E8040038B92A /* Extentions.swift */ = {isa = PBXFileReference; lastKnownFileType = sourcecode.swift; path = Extentions.swift; sourceTree = "<group>"; };
		F89BEF5A2623EAD10038B92A /* LoginViewModel.swift */ = {isa = PBXFileReference; lastKnownFileType = sourcecode.swift; path = LoginViewModel.swift; sourceTree = "<group>"; };
		F89BEF732623F58D0038B92A /* RegistrationController.swift */ = {isa = PBXFileReference; lastKnownFileType = sourcecode.swift; path = RegistrationController.swift; sourceTree = "<group>"; };
		F8BC142526235F1A006DF264 /* LoginViewController.swift */ = {isa = PBXFileReference; lastKnownFileType = sourcecode.swift; path = LoginViewController.swift; sourceTree = "<group>"; };
		F8C6FE802627401C001BF279 /* AuthService.swift */ = {isa = PBXFileReference; lastKnownFileType = sourcecode.swift; path = AuthService.swift; sourceTree = "<group>"; };
		F8FA71582607A1150051F286 /* ChatApp.app */ = {isa = PBXFileReference; explicitFileType = wrapper.application; includeInIndex = 0; path = ChatApp.app; sourceTree = BUILT_PRODUCTS_DIR; };
		F8FA715B2607A1150051F286 /* AppDelegate.swift */ = {isa = PBXFileReference; lastKnownFileType = sourcecode.swift; path = AppDelegate.swift; sourceTree = "<group>"; };
		F8FA715D2607A1150051F286 /* SceneDelegate.swift */ = {isa = PBXFileReference; lastKnownFileType = sourcecode.swift; path = SceneDelegate.swift; sourceTree = "<group>"; };
		F8FA715F2607A1150051F286 /* ViewController.swift */ = {isa = PBXFileReference; lastKnownFileType = sourcecode.swift; path = ViewController.swift; sourceTree = "<group>"; };
		F8FA71622607A1150051F286 /* Base */ = {isa = PBXFileReference; lastKnownFileType = file.storyboard; name = Base; path = Base.lproj/Main.storyboard; sourceTree = "<group>"; };
		F8FA71652607A1150051F286 /* ChatApp.xcdatamodel */ = {isa = PBXFileReference; lastKnownFileType = wrapper.xcdatamodel; path = ChatApp.xcdatamodel; sourceTree = "<group>"; };
		F8FA71672607A1160051F286 /* Assets.xcassets */ = {isa = PBXFileReference; lastKnownFileType = folder.assetcatalog; path = Assets.xcassets; sourceTree = "<group>"; };
		F8FA716A2607A1160051F286 /* Base */ = {isa = PBXFileReference; lastKnownFileType = file.storyboard; name = Base; path = Base.lproj/LaunchScreen.storyboard; sourceTree = "<group>"; };
		F8FA716C2607A1160051F286 /* Info.plist */ = {isa = PBXFileReference; lastKnownFileType = text.plist.xml; path = Info.plist; sourceTree = "<group>"; };
		F8FA71712607A1160051F286 /* ChatAppTests.xctest */ = {isa = PBXFileReference; explicitFileType = wrapper.cfbundle; includeInIndex = 0; path = ChatAppTests.xctest; sourceTree = BUILT_PRODUCTS_DIR; };
		F8FA71752607A1160051F286 /* ChatAppTests.swift */ = {isa = PBXFileReference; lastKnownFileType = sourcecode.swift; path = ChatAppTests.swift; sourceTree = "<group>"; };
		F8FA71772607A1160051F286 /* Info.plist */ = {isa = PBXFileReference; lastKnownFileType = text.plist.xml; path = Info.plist; sourceTree = "<group>"; };
		F8FA717C2607A1160051F286 /* ChatAppUITests.xctest */ = {isa = PBXFileReference; explicitFileType = wrapper.cfbundle; includeInIndex = 0; path = ChatAppUITests.xctest; sourceTree = BUILT_PRODUCTS_DIR; };
		F8FA71802607A1160051F286 /* ChatAppUITests.swift */ = {isa = PBXFileReference; lastKnownFileType = sourcecode.swift; path = ChatAppUITests.swift; sourceTree = "<group>"; };
		F8FA71822607A1160051F286 /* Info.plist */ = {isa = PBXFileReference; lastKnownFileType = text.plist.xml; path = Info.plist; sourceTree = "<group>"; };
/* End PBXFileReference section */

/* Begin PBXFrameworksBuildPhase section */
		F8FA71552607A1150051F286 /* Frameworks */ = {
			isa = PBXFrameworksBuildPhase;
			buildActionMask = 2147483647;
			files = (
				2E3E82C2C29CCA759321A288 /* Pods_ChatApp.framework in Frameworks */,
			);
			runOnlyForDeploymentPostprocessing = 0;
		};
		F8FA716E2607A1160051F286 /* Frameworks */ = {
			isa = PBXFrameworksBuildPhase;
			buildActionMask = 2147483647;
			files = (
				E660C0EF2A999498B694E6F0 /* Pods_ChatAppTests.framework in Frameworks */,
			);
			runOnlyForDeploymentPostprocessing = 0;
		};
		F8FA71792607A1160051F286 /* Frameworks */ = {
			isa = PBXFrameworksBuildPhase;
			buildActionMask = 2147483647;
			files = (
				AB5345577A207792312E077F /* Pods_ChatApp_ChatAppUITests.framework in Frameworks */,
			);
			runOnlyForDeploymentPostprocessing = 0;
		};
/* End PBXFrameworksBuildPhase section */

/* Begin PBXGroup section */
		32D2427D254FAA108D1C5D50 /* Frameworks */ = {
			isa = PBXGroup;
			children = (
				8FACAABDB7BB9861DD087760 /* Pods_ChatApp.framework */,
				AF51D4C8345E849A31763238 /* Pods_ChatApp_ChatAppUITests.framework */,
				7973375D70EB911D8CA10A6C /* Pods_ChatAppTests.framework */,
			);
			name = Frameworks;
			sourceTree = "<group>";
		};
		8F78DD17C5D1F9A328A93850 /* Pods */ = {
			isa = PBXGroup;
			children = (
				10CD3B74B2D361F8E08698A3 /* Pods-ChatApp.debug.xcconfig */,
				D62F946DA0208B739950C7CB /* Pods-ChatApp.release.xcconfig */,
				8CE4242B29418ECB695F353E /* Pods-ChatApp-ChatAppUITests.debug.xcconfig */,
				74ABA192FC2AC971E4B3FA0F /* Pods-ChatApp-ChatAppUITests.release.xcconfig */,
				69784579DB5970294314DA3B /* Pods-ChatAppTests.debug.xcconfig */,
				5C25C21B81D0EC3CC47F54B7 /* Pods-ChatAppTests.release.xcconfig */,
			);
			path = Pods;
			sourceTree = "<group>";
		};
		F80320EB26250B1B00286194 /* Authentication */ = {
			isa = PBXGroup;
			children = (
				F89BEF5A2623EAD10038B92A /* LoginViewModel.swift */,
				F80320FA26250CB900286194 /* RegistrationViewModel.swift */,
			);
			path = Authentication;
			sourceTree = "<group>";
		};
		F89BEF172623D8140038B92A /* Utils */ = {
			isa = PBXGroup;
			children = (
				F89BEF4A2623E8040038B92A /* Extentions.swift */,
			);
			path = Utils;
			sourceTree = "<group>";
		};
		F89BEF182623D8310038B92A /* API */ = {
			isa = PBXGroup;
			children = (
				F8C6FE802627401C001BF279 /* AuthService.swift */,
			);
			path = API;
			sourceTree = "<group>";
		};
		F89BEF192623D8340038B92A /* Controller */ = {
			isa = PBXGroup;
			children = (
				F89BEF222623E3500038B92A /* Authentication */,
				F89BEF1D2623D8A80038B92A /* ConversationsController.swift */,
			);
			path = Controller;
			sourceTree = "<group>";
		};
		F89BEF1A2623D8380038B92A /* ViewModel */ = {
			isa = PBXGroup;
			children = (
				F80320EB26250B1B00286194 /* Authentication */,
			);
			path = ViewModel;
			sourceTree = "<group>";
		};
		F89BEF1B2623D8400038B92A /* View */ = {
			isa = PBXGroup;
			children = (
			);
			path = View;
			sourceTree = "<group>";
		};
		F89BEF1C2623D8420038B92A /* Model */ = {
			isa = PBXGroup;
			children = (
			);
			path = Model;
			sourceTree = "<group>";
		};
		F89BEF222623E3500038B92A /* Authentication */ = {
			isa = PBXGroup;
			children = (
				F89BEF732623F58D0038B92A /* RegistrationController.swift */,
			);
			path = Authentication;
			sourceTree = "<group>";
		};
		F8FA714F2607A1150051F286 = {
			isa = PBXGroup;
			children = (
				F8FA715A2607A1150051F286 /* ChatApp */,
				F8FA71742607A1160051F286 /* ChatAppTests */,
				F8FA717F2607A1160051F286 /* ChatAppUITests */,
				F8FA71592607A1150051F286 /* Products */,
				8F78DD17C5D1F9A328A93850 /* Pods */,
				32D2427D254FAA108D1C5D50 /* Frameworks */,
			);
			sourceTree = "<group>";
		};
		F8FA71592607A1150051F286 /* Products */ = {
			isa = PBXGroup;
			children = (
				F8FA71582607A1150051F286 /* ChatApp.app */,
				F8FA71712607A1160051F286 /* ChatAppTests.xctest */,
				F8FA717C2607A1160051F286 /* ChatAppUITests.xctest */,
			);
			name = Products;
			sourceTree = "<group>";
		};
		F8FA715A2607A1150051F286 /* ChatApp */ = {
			isa = PBXGroup;
			children = (
				F89BEF1C2623D8420038B92A /* Model */,
				F89BEF1B2623D8400038B92A /* View */,
				F89BEF1A2623D8380038B92A /* ViewModel */,
				F89BEF192623D8340038B92A /* Controller */,
				F89BEF182623D8310038B92A /* API */,
				F89BEF172623D8140038B92A /* Utils */,
				F8FA715B2607A1150051F286 /* AppDelegate.swift */,
				F8BC142526235F1A006DF264 /* LoginViewController.swift */,
				F8FA715D2607A1150051F286 /* SceneDelegate.swift */,
				F8FA715F2607A1150051F286 /* ViewController.swift */,
				F8FA71612607A1150051F286 /* Main.storyboard */,
				F8FA71672607A1160051F286 /* Assets.xcassets */,
				F8FA71692607A1160051F286 /* LaunchScreen.storyboard */,
				F8FA716C2607A1160051F286 /* Info.plist */,
				F8FA71642607A1150051F286 /* ChatApp.xcdatamodeld */,
				F803210726251A7F00286194 /* GoogleService-Info.plist */,
			);
			path = ChatApp;
			sourceTree = "<group>";
		};
		F8FA71742607A1160051F286 /* ChatAppTests */ = {
			isa = PBXGroup;
			children = (
				F8FA71752607A1160051F286 /* ChatAppTests.swift */,
				F8FA71772607A1160051F286 /* Info.plist */,
			);
			path = ChatAppTests;
			sourceTree = "<group>";
		};
		F8FA717F2607A1160051F286 /* ChatAppUITests */ = {
			isa = PBXGroup;
			children = (
				F8FA71802607A1160051F286 /* ChatAppUITests.swift */,
				F8FA71822607A1160051F286 /* Info.plist */,
			);
			path = ChatAppUITests;
			sourceTree = "<group>";
		};
/* End PBXGroup section */

/* Begin PBXNativeTarget section */
		F8FA71572607A1150051F286 /* ChatApp */ = {
			isa = PBXNativeTarget;
			buildConfigurationList = F8FA71852607A1160051F286 /* Build configuration list for PBXNativeTarget "ChatApp" */;
			buildPhases = (
				F850D5EEFB3E6B4A3EE1AA68 /* [CP] Check Pods Manifest.lock */,
				F8FA71542607A1150051F286 /* Sources */,
				F8FA71552607A1150051F286 /* Frameworks */,
				F8FA71562607A1150051F286 /* Resources */,
				2A2D33B9A56252872CEF8966 /* [CP] Embed Pods Frameworks */,
			);
			buildRules = (
			);
			dependencies = (
			);
			name = ChatApp;
			productName = ChatApp;
			productReference = F8FA71582607A1150051F286 /* ChatApp.app */;
			productType = "com.apple.product-type.application";
		};
		F8FA71702607A1160051F286 /* ChatAppTests */ = {
			isa = PBXNativeTarget;
			buildConfigurationList = F8FA71882607A1160051F286 /* Build configuration list for PBXNativeTarget "ChatAppTests" */;
			buildPhases = (
				FF8F86942D40C9FD6DEC941A /* [CP] Check Pods Manifest.lock */,
				F8FA716D2607A1160051F286 /* Sources */,
				F8FA716E2607A1160051F286 /* Frameworks */,
				F8FA716F2607A1160051F286 /* Resources */,
			);
			buildRules = (
			);
			dependencies = (
				F8FA71732607A1160051F286 /* PBXTargetDependency */,
			);
			name = ChatAppTests;
			productName = ChatAppTests;
			productReference = F8FA71712607A1160051F286 /* ChatAppTests.xctest */;
			productType = "com.apple.product-type.bundle.unit-test";
		};
		F8FA717B2607A1160051F286 /* ChatAppUITests */ = {
			isa = PBXNativeTarget;
			buildConfigurationList = F8FA718B2607A1160051F286 /* Build configuration list for PBXNativeTarget "ChatAppUITests" */;
			buildPhases = (
				59AC8CFDE6CA486F18CFB7A4 /* [CP] Check Pods Manifest.lock */,
				F8FA71782607A1160051F286 /* Sources */,
				F8FA71792607A1160051F286 /* Frameworks */,
				F8FA717A2607A1160051F286 /* Resources */,
				D44786F3307F68227AB510F2 /* [CP] Embed Pods Frameworks */,
			);
			buildRules = (
			);
			dependencies = (
				F8FA717E2607A1160051F286 /* PBXTargetDependency */,
			);
			name = ChatAppUITests;
			productName = ChatAppUITests;
			productReference = F8FA717C2607A1160051F286 /* ChatAppUITests.xctest */;
			productType = "com.apple.product-type.bundle.ui-testing";
		};
/* End PBXNativeTarget section */

/* Begin PBXProject section */
		F8FA71502607A1150051F286 /* Project object */ = {
			isa = PBXProject;
			attributes = {
				LastSwiftUpdateCheck = 1240;
				LastUpgradeCheck = 1240;
				TargetAttributes = {
					F8FA71572607A1150051F286 = {
						CreatedOnToolsVersion = 12.4;
					};
					F8FA71702607A1160051F286 = {
						CreatedOnToolsVersion = 12.4;
						TestTargetID = F8FA71572607A1150051F286;
					};
					F8FA717B2607A1160051F286 = {
						CreatedOnToolsVersion = 12.4;
						TestTargetID = F8FA71572607A1150051F286;
					};
				};
			};
			buildConfigurationList = F8FA71532607A1150051F286 /* Build configuration list for PBXProject "ChatApp" */;
			compatibilityVersion = "Xcode 9.3";
			developmentRegion = en;
			hasScannedForEncodings = 0;
			knownRegions = (
				en,
				Base,
			);
			mainGroup = F8FA714F2607A1150051F286;
			productRefGroup = F8FA71592607A1150051F286 /* Products */;
			projectDirPath = "";
			projectRoot = "";
			targets = (
				F8FA71572607A1150051F286 /* ChatApp */,
				F8FA71702607A1160051F286 /* ChatAppTests */,
				F8FA717B2607A1160051F286 /* ChatAppUITests */,
			);
		};
/* End PBXProject section */

/* Begin PBXResourcesBuildPhase section */
		F8FA71562607A1150051F286 /* Resources */ = {
			isa = PBXResourcesBuildPhase;
			buildActionMask = 2147483647;
			files = (
				F8FA716B2607A1160051F286 /* LaunchScreen.storyboard in Resources */,
				F803210826251A7F00286194 /* GoogleService-Info.plist in Resources */,
				F8FA71682607A1160051F286 /* Assets.xcassets in Resources */,
				F8FA71632607A1150051F286 /* Main.storyboard in Resources */,
			);
			runOnlyForDeploymentPostprocessing = 0;
		};
		F8FA716F2607A1160051F286 /* Resources */ = {
			isa = PBXResourcesBuildPhase;
			buildActionMask = 2147483647;
			files = (
			);
			runOnlyForDeploymentPostprocessing = 0;
		};
		F8FA717A2607A1160051F286 /* Resources */ = {
			isa = PBXResourcesBuildPhase;
			buildActionMask = 2147483647;
			files = (
			);
			runOnlyForDeploymentPostprocessing = 0;
		};
/* End PBXResourcesBuildPhase section */

/* Begin PBXShellScriptBuildPhase section */
		2A2D33B9A56252872CEF8966 /* [CP] Embed Pods Frameworks */ = {
			isa = PBXShellScriptBuildPhase;
			buildActionMask = 2147483647;
			files = (
			);
			inputFileListPaths = (
				"${PODS_ROOT}/Target Support Files/Pods-ChatApp/Pods-ChatApp-frameworks-${CONFIGURATION}-input-files.xcfilelist",
			);
			name = "[CP] Embed Pods Frameworks";
			outputFileListPaths = (
				"${PODS_ROOT}/Target Support Files/Pods-ChatApp/Pods-ChatApp-frameworks-${CONFIGURATION}-output-files.xcfilelist",
			);
			runOnlyForDeploymentPostprocessing = 0;
			shellPath = /bin/sh;
			shellScript = "\"${PODS_ROOT}/Target Support Files/Pods-ChatApp/Pods-ChatApp-frameworks.sh\"\n";
			showEnvVarsInLog = 0;
		};
		59AC8CFDE6CA486F18CFB7A4 /* [CP] Check Pods Manifest.lock */ = {
			isa = PBXShellScriptBuildPhase;
			buildActionMask = 2147483647;
			files = (
			);
			inputFileListPaths = (
			);
			inputPaths = (
				"${PODS_PODFILE_DIR_PATH}/Podfile.lock",
				"${PODS_ROOT}/Manifest.lock",
			);
			name = "[CP] Check Pods Manifest.lock";
			outputFileListPaths = (
			);
			outputPaths = (
				"$(DERIVED_FILE_DIR)/Pods-ChatApp-ChatAppUITests-checkManifestLockResult.txt",
			);
			runOnlyForDeploymentPostprocessing = 0;
			shellPath = /bin/sh;
			shellScript = "diff \"${PODS_PODFILE_DIR_PATH}/Podfile.lock\" \"${PODS_ROOT}/Manifest.lock\" > /dev/null\nif [ $? != 0 ] ; then\n    # print error to STDERR\n    echo \"error: The sandbox is not in sync with the Podfile.lock. Run 'pod install' or update your CocoaPods installation.\" >&2\n    exit 1\nfi\n# This output is used by Xcode 'outputs' to avoid re-running this script phase.\necho \"SUCCESS\" > \"${SCRIPT_OUTPUT_FILE_0}\"\n";
			showEnvVarsInLog = 0;
		};
		D44786F3307F68227AB510F2 /* [CP] Embed Pods Frameworks */ = {
			isa = PBXShellScriptBuildPhase;
			buildActionMask = 2147483647;
			files = (
			);
			inputFileListPaths = (
				"${PODS_ROOT}/Target Support Files/Pods-ChatApp-ChatAppUITests/Pods-ChatApp-ChatAppUITests-frameworks-${CONFIGURATION}-input-files.xcfilelist",
			);
			name = "[CP] Embed Pods Frameworks";
			outputFileListPaths = (
				"${PODS_ROOT}/Target Support Files/Pods-ChatApp-ChatAppUITests/Pods-ChatApp-ChatAppUITests-frameworks-${CONFIGURATION}-output-files.xcfilelist",
			);
			runOnlyForDeploymentPostprocessing = 0;
			shellPath = /bin/sh;
			shellScript = "\"${PODS_ROOT}/Target Support Files/Pods-ChatApp-ChatAppUITests/Pods-ChatApp-ChatAppUITests-frameworks.sh\"\n";
			showEnvVarsInLog = 0;
		};
		F850D5EEFB3E6B4A3EE1AA68 /* [CP] Check Pods Manifest.lock */ = {
			isa = PBXShellScriptBuildPhase;
			buildActionMask = 2147483647;
			files = (
			);
			inputFileListPaths = (
			);
			inputPaths = (
				"${PODS_PODFILE_DIR_PATH}/Podfile.lock",
				"${PODS_ROOT}/Manifest.lock",
			);
			name = "[CP] Check Pods Manifest.lock";
			outputFileListPaths = (
			);
			outputPaths = (
				"$(DERIVED_FILE_DIR)/Pods-ChatApp-checkManifestLockResult.txt",
			);
			runOnlyForDeploymentPostprocessing = 0;
			shellPath = /bin/sh;
			shellScript = "diff \"${PODS_PODFILE_DIR_PATH}/Podfile.lock\" \"${PODS_ROOT}/Manifest.lock\" > /dev/null\nif [ $? != 0 ] ; then\n    # print error to STDERR\n    echo \"error: The sandbox is not in sync with the Podfile.lock. Run 'pod install' or update your CocoaPods installation.\" >&2\n    exit 1\nfi\n# This output is used by Xcode 'outputs' to avoid re-running this script phase.\necho \"SUCCESS\" > \"${SCRIPT_OUTPUT_FILE_0}\"\n";
			showEnvVarsInLog = 0;
		};
		FF8F86942D40C9FD6DEC941A /* [CP] Check Pods Manifest.lock */ = {
			isa = PBXShellScriptBuildPhase;
			buildActionMask = 2147483647;
			files = (
			);
			inputFileListPaths = (
			);
			inputPaths = (
				"${PODS_PODFILE_DIR_PATH}/Podfile.lock",
				"${PODS_ROOT}/Manifest.lock",
			);
			name = "[CP] Check Pods Manifest.lock";
			outputFileListPaths = (
			);
			outputPaths = (
				"$(DERIVED_FILE_DIR)/Pods-ChatAppTests-checkManifestLockResult.txt",
			);
			runOnlyForDeploymentPostprocessing = 0;
			shellPath = /bin/sh;
			shellScript = "diff \"${PODS_PODFILE_DIR_PATH}/Podfile.lock\" \"${PODS_ROOT}/Manifest.lock\" > /dev/null\nif [ $? != 0 ] ; then\n    # print error to STDERR\n    echo \"error: The sandbox is not in sync with the Podfile.lock. Run 'pod install' or update your CocoaPods installation.\" >&2\n    exit 1\nfi\n# This output is used by Xcode 'outputs' to avoid re-running this script phase.\necho \"SUCCESS\" > \"${SCRIPT_OUTPUT_FILE_0}\"\n";
			showEnvVarsInLog = 0;
		};
/* End PBXShellScriptBuildPhase section */

/* Begin PBXSourcesBuildPhase section */
		F8FA71542607A1150051F286 /* Sources */ = {
			isa = PBXSourcesBuildPhase;
			buildActionMask = 2147483647;
			files = (
				F8FA71602607A1150051F286 /* ViewController.swift in Sources */,
				F80320FB26250CB900286194 /* RegistrationViewModel.swift in Sources */,
				F89BEF742623F58D0038B92A /* RegistrationController.swift in Sources */,
				F8FA71662607A1150051F286 /* ChatApp.xcdatamodeld in Sources */,
				F8FA715C2607A1150051F286 /* AppDelegate.swift in Sources */,
				F8C6FE812627401C001BF279 /* AuthService.swift in Sources */,
				F89BEF4B2623E8040038B92A /* Extentions.swift in Sources */,
				F8BC142626235F1A006DF264 /* LoginViewController.swift in Sources */,
				F89BEF1E2623D8A80038B92A /* ConversationsController.swift in Sources */,
				F8FA715E2607A1150051F286 /* SceneDelegate.swift in Sources */,
				F89BEF5B2623EAD10038B92A /* LoginViewModel.swift in Sources */,
			);
			runOnlyForDeploymentPostprocessing = 0;
		};
		F8FA716D2607A1160051F286 /* Sources */ = {
			isa = PBXSourcesBuildPhase;
			buildActionMask = 2147483647;
			files = (
				F8FA71762607A1160051F286 /* ChatAppTests.swift in Sources */,
			);
			runOnlyForDeploymentPostprocessing = 0;
		};
		F8FA71782607A1160051F286 /* Sources */ = {
			isa = PBXSourcesBuildPhase;
			buildActionMask = 2147483647;
			files = (
				F8FA71812607A1160051F286 /* ChatAppUITests.swift in Sources */,
			);
			runOnlyForDeploymentPostprocessing = 0;
		};
/* End PBXSourcesBuildPhase section */

/* Begin PBXTargetDependency section */
		F8FA71732607A1160051F286 /* PBXTargetDependency */ = {
			isa = PBXTargetDependency;
			target = F8FA71572607A1150051F286 /* ChatApp */;
			targetProxy = F8FA71722607A1160051F286 /* PBXContainerItemProxy */;
		};
		F8FA717E2607A1160051F286 /* PBXTargetDependency */ = {
			isa = PBXTargetDependency;
			target = F8FA71572607A1150051F286 /* ChatApp */;
			targetProxy = F8FA717D2607A1160051F286 /* PBXContainerItemProxy */;
		};
/* End PBXTargetDependency section */

/* Begin PBXVariantGroup section */
		F8FA71612607A1150051F286 /* Main.storyboard */ = {
			isa = PBXVariantGroup;
			children = (
				F8FA71622607A1150051F286 /* Base */,
			);
			name = Main.storyboard;
			sourceTree = "<group>";
		};
		F8FA71692607A1160051F286 /* LaunchScreen.storyboard */ = {
			isa = PBXVariantGroup;
			children = (
				F8FA716A2607A1160051F286 /* Base */,
			);
			name = LaunchScreen.storyboard;
			sourceTree = "<group>";
		};
/* End PBXVariantGroup section */

/* Begin XCBuildConfiguration section */
		F8FA71832607A1160051F286 /* Debug */ = {
			isa = XCBuildConfiguration;
			buildSettings = {
				ALWAYS_SEARCH_USER_PATHS = NO;
				CLANG_ANALYZER_NONNULL = YES;
				CLANG_ANALYZER_NUMBER_OBJECT_CONVERSION = YES_AGGRESSIVE;
				CLANG_CXX_LANGUAGE_STANDARD = "gnu++14";
				CLANG_CXX_LIBRARY = "libc++";
				CLANG_ENABLE_MODULES = YES;
				CLANG_ENABLE_OBJC_ARC = YES;
				CLANG_ENABLE_OBJC_WEAK = YES;
				CLANG_WARN_BLOCK_CAPTURE_AUTORELEASING = YES;
				CLANG_WARN_BOOL_CONVERSION = YES;
				CLANG_WARN_COMMA = YES;
				CLANG_WARN_CONSTANT_CONVERSION = YES;
				CLANG_WARN_DEPRECATED_OBJC_IMPLEMENTATIONS = YES;
				CLANG_WARN_DIRECT_OBJC_ISA_USAGE = YES_ERROR;
				CLANG_WARN_DOCUMENTATION_COMMENTS = YES;
				CLANG_WARN_EMPTY_BODY = YES;
				CLANG_WARN_ENUM_CONVERSION = YES;
				CLANG_WARN_INFINITE_RECURSION = YES;
				CLANG_WARN_INT_CONVERSION = YES;
				CLANG_WARN_NON_LITERAL_NULL_CONVERSION = YES;
				CLANG_WARN_OBJC_IMPLICIT_RETAIN_SELF = YES;
				CLANG_WARN_OBJC_LITERAL_CONVERSION = YES;
				CLANG_WARN_OBJC_ROOT_CLASS = YES_ERROR;
				CLANG_WARN_QUOTED_INCLUDE_IN_FRAMEWORK_HEADER = YES;
				CLANG_WARN_RANGE_LOOP_ANALYSIS = YES;
				CLANG_WARN_STRICT_PROTOTYPES = YES;
				CLANG_WARN_SUSPICIOUS_MOVE = YES;
				CLANG_WARN_UNGUARDED_AVAILABILITY = YES_AGGRESSIVE;
				CLANG_WARN_UNREACHABLE_CODE = YES;
				CLANG_WARN__DUPLICATE_METHOD_MATCH = YES;
				COPY_PHASE_STRIP = NO;
				DEBUG_INFORMATION_FORMAT = dwarf;
				ENABLE_STRICT_OBJC_MSGSEND = YES;
				ENABLE_TESTABILITY = YES;
				GCC_C_LANGUAGE_STANDARD = gnu11;
				GCC_DYNAMIC_NO_PIC = NO;
				GCC_NO_COMMON_BLOCKS = YES;
				GCC_OPTIMIZATION_LEVEL = 0;
				GCC_PREPROCESSOR_DEFINITIONS = (
					"DEBUG=1",
					"$(inherited)",
				);
				GCC_WARN_64_TO_32_BIT_CONVERSION = YES;
				GCC_WARN_ABOUT_RETURN_TYPE = YES_ERROR;
				GCC_WARN_UNDECLARED_SELECTOR = YES;
				GCC_WARN_UNINITIALIZED_AUTOS = YES_AGGRESSIVE;
				GCC_WARN_UNUSED_FUNCTION = YES;
				GCC_WARN_UNUSED_VARIABLE = YES;
				IPHONEOS_DEPLOYMENT_TARGET = 14.4;
				MTL_ENABLE_DEBUG_INFO = INCLUDE_SOURCE;
				MTL_FAST_MATH = YES;
				ONLY_ACTIVE_ARCH = YES;
				SDKROOT = iphoneos;
				SWIFT_ACTIVE_COMPILATION_CONDITIONS = DEBUG;
				SWIFT_OPTIMIZATION_LEVEL = "-Onone";
			};
			name = Debug;
		};
		F8FA71842607A1160051F286 /* Release */ = {
			isa = XCBuildConfiguration;
			buildSettings = {
				ALWAYS_SEARCH_USER_PATHS = NO;
				CLANG_ANALYZER_NONNULL = YES;
				CLANG_ANALYZER_NUMBER_OBJECT_CONVERSION = YES_AGGRESSIVE;
				CLANG_CXX_LANGUAGE_STANDARD = "gnu++14";
				CLANG_CXX_LIBRARY = "libc++";
				CLANG_ENABLE_MODULES = YES;
				CLANG_ENABLE_OBJC_ARC = YES;
				CLANG_ENABLE_OBJC_WEAK = YES;
				CLANG_WARN_BLOCK_CAPTURE_AUTORELEASING = YES;
				CLANG_WARN_BOOL_CONVERSION = YES;
				CLANG_WARN_COMMA = YES;
				CLANG_WARN_CONSTANT_CONVERSION = YES;
				CLANG_WARN_DEPRECATED_OBJC_IMPLEMENTATIONS = YES;
				CLANG_WARN_DIRECT_OBJC_ISA_USAGE = YES_ERROR;
				CLANG_WARN_DOCUMENTATION_COMMENTS = YES;
				CLANG_WARN_EMPTY_BODY = YES;
				CLANG_WARN_ENUM_CONVERSION = YES;
				CLANG_WARN_INFINITE_RECURSION = YES;
				CLANG_WARN_INT_CONVERSION = YES;
				CLANG_WARN_NON_LITERAL_NULL_CONVERSION = YES;
				CLANG_WARN_OBJC_IMPLICIT_RETAIN_SELF = YES;
				CLANG_WARN_OBJC_LITERAL_CONVERSION = YES;
				CLANG_WARN_OBJC_ROOT_CLASS = YES_ERROR;
				CLANG_WARN_QUOTED_INCLUDE_IN_FRAMEWORK_HEADER = YES;
				CLANG_WARN_RANGE_LOOP_ANALYSIS = YES;
				CLANG_WARN_STRICT_PROTOTYPES = YES;
				CLANG_WARN_SUSPICIOUS_MOVE = YES;
				CLANG_WARN_UNGUARDED_AVAILABILITY = YES_AGGRESSIVE;
				CLANG_WARN_UNREACHABLE_CODE = YES;
				CLANG_WARN__DUPLICATE_METHOD_MATCH = YES;
				COPY_PHASE_STRIP = NO;
				DEBUG_INFORMATION_FORMAT = "dwarf-with-dsym";
				ENABLE_NS_ASSERTIONS = NO;
				ENABLE_STRICT_OBJC_MSGSEND = YES;
				GCC_C_LANGUAGE_STANDARD = gnu11;
				GCC_NO_COMMON_BLOCKS = YES;
				GCC_WARN_64_TO_32_BIT_CONVERSION = YES;
				GCC_WARN_ABOUT_RETURN_TYPE = YES_ERROR;
				GCC_WARN_UNDECLARED_SELECTOR = YES;
				GCC_WARN_UNINITIALIZED_AUTOS = YES_AGGRESSIVE;
				GCC_WARN_UNUSED_FUNCTION = YES;
				GCC_WARN_UNUSED_VARIABLE = YES;
				IPHONEOS_DEPLOYMENT_TARGET = 14.4;
				MTL_ENABLE_DEBUG_INFO = NO;
				MTL_FAST_MATH = YES;
				SDKROOT = iphoneos;
				SWIFT_COMPILATION_MODE = wholemodule;
				SWIFT_OPTIMIZATION_LEVEL = "-O";
				VALIDATE_PRODUCT = YES;
			};
			name = Release;
		};
		F8FA71862607A1160051F286 /* Debug */ = {
			isa = XCBuildConfiguration;
			baseConfigurationReference = 10CD3B74B2D361F8E08698A3 /* Pods-ChatApp.debug.xcconfig */;
			buildSettings = {
				ASSETCATALOG_COMPILER_APPICON_NAME = AppIcon;
				ASSETCATALOG_COMPILER_GLOBAL_ACCENT_COLOR_NAME = AccentColor;
				CODE_SIGN_STYLE = Automatic;
				INFOPLIST_FILE = ChatApp/Info.plist;
				LD_RUNPATH_SEARCH_PATHS = (
					"$(inherited)",
					"@executable_path/Frameworks",
				);
				PRODUCT_BUNDLE_IDENTIFIER = ca.humber.ChatApp;
				PRODUCT_NAME = "$(TARGET_NAME)";
				SWIFT_VERSION = 5.0;
				TARGETED_DEVICE_FAMILY = "1,2";
			};
			name = Debug;
		};
		F8FA71872607A1160051F286 /* Release */ = {
			isa = XCBuildConfiguration;
			baseConfigurationReference = D62F946DA0208B739950C7CB /* Pods-ChatApp.release.xcconfig */;
			buildSettings = {
				ASSETCATALOG_COMPILER_APPICON_NAME = AppIcon;
				ASSETCATALOG_COMPILER_GLOBAL_ACCENT_COLOR_NAME = AccentColor;
				CODE_SIGN_STYLE = Automatic;
				INFOPLIST_FILE = ChatApp/Info.plist;
				LD_RUNPATH_SEARCH_PATHS = (
					"$(inherited)",
					"@executable_path/Frameworks",
				);
				PRODUCT_BUNDLE_IDENTIFIER = ca.humber.ChatApp;
				PRODUCT_NAME = "$(TARGET_NAME)";
				SWIFT_VERSION = 5.0;
				TARGETED_DEVICE_FAMILY = "1,2";
			};
			name = Release;
		};
		F8FA71892607A1160051F286 /* Debug */ = {
			isa = XCBuildConfiguration;
			baseConfigurationReference = 69784579DB5970294314DA3B /* Pods-ChatAppTests.debug.xcconfig */;
			buildSettings = {
				ALWAYS_EMBED_SWIFT_STANDARD_LIBRARIES = YES;
				BUNDLE_LOADER = "$(TEST_HOST)";
				CODE_SIGN_STYLE = Automatic;
				INFOPLIST_FILE = ChatAppTests/Info.plist;
				IPHONEOS_DEPLOYMENT_TARGET = 14.4;
				LD_RUNPATH_SEARCH_PATHS = (
					"$(inherited)",
					"@executable_path/Frameworks",
					"@loader_path/Frameworks",
				);
				PRODUCT_BUNDLE_IDENTIFIER = ca.humber.ChatAppTests;
				PRODUCT_NAME = "$(TARGET_NAME)";
				SWIFT_VERSION = 5.0;
				TARGETED_DEVICE_FAMILY = "1,2";
				TEST_HOST = "$(BUILT_PRODUCTS_DIR)/ChatApp.app/ChatApp";
			};
			name = Debug;
		};
		F8FA718A2607A1160051F286 /* Release */ = {
			isa = XCBuildConfiguration;
			baseConfigurationReference = 5C25C21B81D0EC3CC47F54B7 /* Pods-ChatAppTests.release.xcconfig */;
			buildSettings = {
				ALWAYS_EMBED_SWIFT_STANDARD_LIBRARIES = YES;
				BUNDLE_LOADER = "$(TEST_HOST)";
				CODE_SIGN_STYLE = Automatic;
				INFOPLIST_FILE = ChatAppTests/Info.plist;
				IPHONEOS_DEPLOYMENT_TARGET = 14.4;
				LD_RUNPATH_SEARCH_PATHS = (
					"$(inherited)",
					"@executable_path/Frameworks",
					"@loader_path/Frameworks",
				);
				PRODUCT_BUNDLE_IDENTIFIER = ca.humber.ChatAppTests;
				PRODUCT_NAME = "$(TARGET_NAME)";
				SWIFT_VERSION = 5.0;
				TARGETED_DEVICE_FAMILY = "1,2";
				TEST_HOST = "$(BUILT_PRODUCTS_DIR)/ChatApp.app/ChatApp";
			};
			name = Release;
		};
		F8FA718C2607A1160051F286 /* Debug */ = {
			isa = XCBuildConfiguration;
			baseConfigurationReference = 8CE4242B29418ECB695F353E /* Pods-ChatApp-ChatAppUITests.debug.xcconfig */;
			buildSettings = {
				ALWAYS_EMBED_SWIFT_STANDARD_LIBRARIES = YES;
				CODE_SIGN_STYLE = Automatic;
				INFOPLIST_FILE = ChatAppUITests/Info.plist;
				LD_RUNPATH_SEARCH_PATHS = (
					"$(inherited)",
					"@executable_path/Frameworks",
					"@loader_path/Frameworks",
				);
				PRODUCT_BUNDLE_IDENTIFIER = ca.humber.ChatAppUITests;
				PRODUCT_NAME = "$(TARGET_NAME)";
				SWIFT_VERSION = 5.0;
				TARGETED_DEVICE_FAMILY = "1,2";
				TEST_TARGET_NAME = ChatApp;
			};
			name = Debug;
		};
		F8FA718D2607A1160051F286 /* Release */ = {
			isa = XCBuildConfiguration;
			baseConfigurationReference = 74ABA192FC2AC971E4B3FA0F /* Pods-ChatApp-ChatAppUITests.release.xcconfig */;
			buildSettings = {
				ALWAYS_EMBED_SWIFT_STANDARD_LIBRARIES = YES;
				CODE_SIGN_STYLE = Automatic;
				INFOPLIST_FILE = ChatAppUITests/Info.plist;
				LD_RUNPATH_SEARCH_PATHS = (
					"$(inherited)",
					"@executable_path/Frameworks",
					"@loader_path/Frameworks",
				);
				PRODUCT_BUNDLE_IDENTIFIER = ca.humber.ChatAppUITests;
				PRODUCT_NAME = "$(TARGET_NAME)";
				SWIFT_VERSION = 5.0;
				TARGETED_DEVICE_FAMILY = "1,2";
				TEST_TARGET_NAME = ChatApp;
			};
			name = Release;
		};
/* End XCBuildConfiguration section */

/* Begin XCConfigurationList section */
		F8FA71532607A1150051F286 /* Build configuration list for PBXProject "ChatApp" */ = {
			isa = XCConfigurationList;
			buildConfigurations = (
				F8FA71832607A1160051F286 /* Debug */,
				F8FA71842607A1160051F286 /* Release */,
			);
			defaultConfigurationIsVisible = 0;
			defaultConfigurationName = Release;
		};
		F8FA71852607A1160051F286 /* Build configuration list for PBXNativeTarget "ChatApp" */ = {
			isa = XCConfigurationList;
			buildConfigurations = (
				F8FA71862607A1160051F286 /* Debug */,
				F8FA71872607A1160051F286 /* Release */,
			);
			defaultConfigurationIsVisible = 0;
			defaultConfigurationName = Release;
		};
		F8FA71882607A1160051F286 /* Build configuration list for PBXNativeTarget "ChatAppTests" */ = {
			isa = XCConfigurationList;
			buildConfigurations = (
				F8FA71892607A1160051F286 /* Debug */,
				F8FA718A2607A1160051F286 /* Release */,
			);
			defaultConfigurationIsVisible = 0;
			defaultConfigurationName = Release;
		};
		F8FA718B2607A1160051F286 /* Build configuration list for PBXNativeTarget "ChatAppUITests" */ = {
			isa = XCConfigurationList;
			buildConfigurations = (
				F8FA718C2607A1160051F286 /* Debug */,
				F8FA718D2607A1160051F286 /* Release */,
			);
			defaultConfigurationIsVisible = 0;
			defaultConfigurationName = Release;
		};
/* End XCConfigurationList section */

/* Begin XCVersionGroup section */
		F8FA71642607A1150051F286 /* ChatApp.xcdatamodeld */ = {
			isa = XCVersionGroup;
			children = (
				F8FA71652607A1150051F286 /* ChatApp.xcdatamodel */,
			);
			currentVersion = F8FA71652607A1150051F286 /* ChatApp.xcdatamodel */;
			path = ChatApp.xcdatamodeld;
			sourceTree = "<group>";
			versionGroupType = wrapper.xcdatamodel;
		};
/* End XCVersionGroup section */
	};
	rootObject = F8FA71502607A1150051F286 /* Project object */;
}
